# This file was autogenerated by Stack.
# You should not edit this file by hand.
# For more information, please see the documentation at:
#   https://docs.haskellstack.org/en/stable/lock_files

packages:
- completed:
    hackage: Cabal-3.10.1.0@sha256:6d11adf7847d9734e7b02785ff831b5a0d11536bfbcefd6634b2b08411c63c94,12316
    pantry-tree:
      sha256: 3d175ab2e29f17494599bf5844d0037d01fd04287ac5d50c5c788b0633a8ee6f
      size: 9223
  original:
    hackage: Cabal-3.10.1.0
- completed:
    hackage: Cabal-syntax-3.10.1.0@sha256:bb835ebab577fd0f9c11dab96210dbb8d68ffc62652576f4b092563c345930e7,7434
    pantry-tree:
      sha256: bb1e418f0eb0976bbf4f50491ef4f2b737121bb866e22d07cff1de91f199db7e
      size: 11052
  original:
    hackage: Cabal-syntax-3.10.1.0
- completed:
    hackage: QuickCheck-2.14.3@sha256:f03d2f404d5ba465453d0fbc1944832789a759fe7c4f9bf8616bc1378a02fde4,7847
    pantry-tree:
      sha256: e920d61bcc10ef2aee0cc3e2a216d05b8491564ad27c1c5e2fbbb221b00b7f8e
      size: 2315
  original:
    hackage: QuickCheck-2.14.3
- completed:
    hackage: adjunctions-4.4.2@sha256:30206ae6b78d3d523c2ff73640f84b51fa204ac3f05267a5f0c77c486b96781d,3379
    pantry-tree:
      sha256: 0cf0b9ed859509b8c3917dfb94fdae2990a0e75dac51df3d8f2b8ab8410021e5
      size: 1391
  original:
    hackage: adjunctions-4.4.2
- completed:
    hackage: array-0.5.4.0@sha256:4ab91ef6388db19e62fea4ed7bf3bb39bae5c3e3d2ac73a7feb278d05c35db78,1660
    pantry-tree:
      sha256: 25fb3fcc19c38f11e8d94ce9f6305bba0227c78915458d684ff471321f63294a
      size: 1135
  original:
    hackage: array-0.5.4.0
- completed:
    hackage: attoparsec-0.14.4@sha256:ec709539b881d6431620bd7c40fbfa680aaf4a98c6f35b51536d8f455682b1ae,5703
    pantry-tree:
      sha256: 859a99c7b716d7288a4d8ada61c036e5715485bca5ea4e379f113ccbf06d8a5c
      size: 5039
  original:
    hackage: attoparsec-0.14.4
- completed:
    hackage: bifunctors-5.6.1@sha256:82fa7ed8f69f0bfa375de117ab36414c0b96a97ee046edc3ac6da7a295a94755,3273
    pantry-tree:
      sha256: f7f9304b7add6109d676d756c5965b17d543b53412e41706b56044068dde7e39
      size: 1465
  original:
    hackage: bifunctors-5.6.1
- completed:
    hackage: binary-0.8.9.1@sha256:81f468c1c75fd6535152ab69b2d32ac6cfcc03e345267b069abe4da56ec95801,6523
    pantry-tree:
      sha256: 956ecd662408f69615977b87a92e042abcdc447b7824b8aabf5788c4393c10c5
      size: 1976
  original:
    hackage: binary-0.8.9.1
- completed:
    hackage: bitvec-1.1.4.0@sha256:8991eec6409f181bd6ccb20e24ac759659940170cd00ca530ec7dd5ffa4f30fc,4297
    pantry-tree:
      sha256: 5710b5c1e0cbaeddcd2f0f7acaa9157e126c02bb6497f58d6229085ec91573ae
      size: 2384
  original:
    hackage: bitvec-1.1.4.0
- completed:
    hackage: bytestring-0.11.4.0@sha256:55390b63bbd7846aab6b16b7b255cf5108a3a422798a1e9a3b674eb0c68ac20c,7491
    pantry-tree:
      sha256: 316f6236418a55418c760077f59e5e6e46d969e7601c833e0d87cd6dfb90e42d
      size: 4019
  original:
    hackage: bytestring-0.11.4.0
- completed:
    hackage: comonad-5.0.8@sha256:4a4dbfbd03fb4963987710fca994e8b5624bd05a33e5f95b7581b26f8229c5e3,3631
    pantry-tree:
      sha256: 5810cb53d6c5e73239ad6d183eab847fba8fc1a8cd09056ede5d00c8848c8c7e
      size: 1618
  original:
    hackage: comonad-5.0.8
- completed:
    hackage: containers-0.6.7@sha256:4aad61c33b21e453e5d18a465e674898fded282f233ffd154b48acc540c89537,2655
    pantry-tree:
      sha256: d3430bcc4beafe609d6c5cd4a607549ee4ffe0eafc2ebb9c87b5e7b1b20b24d8
      size: 2902
  original:
    hackage: containers-0.6.7
- completed:
    hackage: contravariant-1.5.5@sha256:470ed0e040e879e2da4af1b2c8f94e199f6135852a8107858d5ae0a95365835f,3041
    pantry-tree:
      sha256: 9eb62fea28548dc8a0f60fd47c12843092b78b24ed771b8ad63a0bb34dba8bc4
      size: 652
  original:
    hackage: contravariant-1.5.5
- completed:
    hackage: deepseq-1.4.8.0@sha256:69d8ddc37acb85081795c4c450f180a0ee6c5613f0ca98f08b3481aa6d307a3a,2372
    pantry-tree:
      sha256: f6d2dc9a5e8867fc026de9d57ee60539f6f65a100479ce8c3696bd51ad1d1b32
      size: 385
  original:
    hackage: deepseq-1.4.8.0
- completed:
    hackage: directory-1.3.7.1@sha256:7d16bf127fb303bd69d9c433bb146c5815f9690933af1d5a6ee45dea2e536dc5,2971
    pantry-tree:
      sha256: 8fe5d578685d85c0cdb6cd6f342fe85b99968055a6e70802fcaad56caa1f6362
      size: 3503
  original:
    hackage: directory-1.3.7.1
- completed:
    hackage: distributive-0.6.2.1@sha256:0f99f5541cca04acf89b64432b03422b6408e830a8dff30e6c4334ef1a48680c,2996
    pantry-tree:
      sha256: a42bed5fe0ba295643538312dee6c9436314c05a6f7efdd32b4303979f8bd744
      size: 735
  original:
    hackage: distributive-0.6.2.1
- completed:
    hackage: exceptions-0.10.7@sha256:60ccc2277f8fa98a1a03c42afd9c589ba33ce208eaaef7d69bfbb42ce09d1816,2803
    pantry-tree:
      sha256: d120a93fe716375208630bd9a2079d325d230dfa4d4909c00ac8d110da42c05c
      size: 739
  original:
    hackage: exceptions-0.10.7
- completed:
    hackage: extra-1.7.13@sha256:5f6aa264fd6b30f3f83a3b7f94232255140ff45600fd401305453aba2419a4c4,2697
    pantry-tree:
      sha256: 9bfaaccf3813117ddf16f8e578083e9b0a205c9e2ce2de520c455b7d7d3136db
      size: 1960
  original:
    hackage: extra-1.7.13
- completed:
    hackage: fgl-5.8.1.1@sha256:3b5606ba30185ba4426dc8eef9ffd39b109f3cbf6fcdd6c59795ef57037e07b9,3848
    pantry-tree:
      sha256: 9a0f51411d0106fbfe8dd5fb1b3bf29255b5393c8767f3d4355d7dfa11a3d766
      size: 2748
  original:
    hackage: fgl-5.8.1.1
- completed:
    hackage: filepath-1.4.2.2@sha256:3622cbc524093b18af0235249087546473ab04e9fe275967680e97755a9eae6b,2225
    pantry-tree:
      sha256: e8aa0c8f41f1f6801cbbc5e0f0bff434edc0fb7b9d822ec2690240051393d19b
      size: 784
  original:
    hackage: filepath-1.4.2.2
- completed:
    hackage: free-5.2@sha256:4dd76c1a19f81d7866e7b75682350f1ef3e0441b19b4d07eccdd9ef326a0be70,4176
    pantry-tree:
      sha256: a130bece7ed773a9c80837648a178187d2e64b6b7f48d445a06a768bfccf6d2e
      size: 3130
  original:
    hackage: free-5.2
- completed:
    hackage: ghc-bignum-1.3@sha256:bd2040ad43b139bd966bf764e240a4b3f435b79dfc11d0342decd61932818142,2789
    pantry-tree:
      sha256: 33efdf96cde647b1a0573f2a29923ede6f82fd356be2763e7a64326d560de61f
      size: 1649
  original:
    hackage: ghc-bignum-1.3
- completed:
    hackage: ghc-prim-0.9.0@sha256:7207672ba12a3356b29428a65b8315ad5033bd4f4fb20f8e2b6912984ab7ce61,2698
    pantry-tree:
      sha256: 806261942349677d6336fd801006f113649d66b22ad91f5d81de000cddcbf42f
      size: 1483
  original:
    hackage: ghc-prim-0.9.0
- completed:
    hackage: hashable-1.4.2.0@sha256:585792335d5541dba78fa8dfcb291a89cd5812a281825ff7a44afa296ab5d58a,4520
    pantry-tree:
      sha256: 792a6cab3f15c5db29d759c8ca735d0be5f4c94f363329652f8b9780009d0829
      size: 1248
  original:
    hackage: hashable-1.4.2.0
- completed:
    hackage: heaps-0.4@sha256:66b19fcd813b0e4db3e0bac541bd46606c3b13d3d081d9f9666f4be0f5ff14b8,1410
    pantry-tree:
      sha256: 8397dc92c6eb4581b2f8235c2fe2f49c0e9ece6ce4cef5748e4cccbf0844469e
      size: 376
  original:
    hackage: heaps-0.4
- completed:
    hackage: indexed-traversable-0.1.2.1@sha256:154b4649199a602dea948a93cb34a6c4be71576c4f78410733dd9f6bc79b6e0b,2545
    pantry-tree:
      sha256: 16487541e56c38d7f86f7d80710cab904e2aae676a42982f185370cd2aa87a6b
      size: 554
  original:
    hackage: indexed-traversable-0.1.2.1
- completed:
    hackage: indexed-traversable-instances-0.1.1.2@sha256:00d5e3e149e2bee0f7a547e0093294c306d4276e73a619abe7d8e69f7ce03c7b,2550
    pantry-tree:
      sha256: 47cf9c6a2007db09aa40ba559f0c3ccd1341f8e68b0dfc7b410b3b815ff36ab5
      size: 366
  original:
    hackage: indexed-traversable-instances-0.1.1.2
- completed:
    hackage: integer-gmp-1.1@sha256:a68cd9b27bca999f6be3fe6315c9d554002a67f822c3a4815864b75b4498e986,1185
    pantry-tree:
      sha256: 2a32afb2924f4ae9db4dcb77fb771a474ff50a88cfd8d25ada78b99be81d35c9
      size: 183
  original:
    hackage: integer-gmp-1.1
- completed:
    hackage: integer-logarithms-1.0.3.1@sha256:4d0dfc334e64ff57bb1a08717afa4a4a7f28e4cdc46615dd287be31ef63ec00d,3278
    pantry-tree:
      sha256: 588b5bd9e214bda6de99f5ab2f9affc6af6aea688d150fa29662ea9ff3583622
      size: 865
  original:
    hackage: integer-logarithms-1.0.3.1
- completed:
    hackage: kan-extensions-5.2.5@sha256:fbdba767565f40faf515b044a774cc3b371eb6ce8a082d9f659411cea88698cf,3066
    pantry-tree:
      sha256: ff88cbe19b1672f9525092ce850cc6c87cba2bf0642ca4dd89cafa42e959c5ec
      size: 1421
  original:
    hackage: kan-extensions-5.2.5
- completed:
    hackage: lens-5.2.2@sha256:e01d5732173645b80f23a189a0f7e1f5cd0b2286de0ce20baf941cbf5c3b8435,15158
    pantry-tree:
      sha256: b69117901be8d6fb47cf106504af0065a5271a10bdbf9d8ab89acbd0508c4653
      size: 8216
  original:
    hackage: lens-5.2.2
- completed:
    hackage: linear-base-0.3.1@sha256:548cb6ef389eb728ec9b51e3de735d9c66ccfe9354c3fb4617d0042fb294d72d,7053
    pantry-tree:
      sha256: 0c3488af8acd759782da54ca30cf4d781609aa4af9d39391dc545977859900f8
      size: 9096
  original:
    hackage: linear-base-0.3.1
- completed:
    hackage: list-t-1.0.5.6@sha256:37d36ec65bd2ac302a03c6df539924fb5a3960a21802e92f00abf49509fae176,2230
    pantry-tree:
      sha256: a16742feb4e34b9a6e4afb094f8d052e49bd292c711e243e702e6f58d6501766
      size: 284
  original:
    hackage: list-t-1.0.5.6
- completed:
    hackage: massiv-1.0.4.0@sha256:6fce54a305f4d6da5a929d8720bf3324ea62d3464dc4b24721be605bcd794a0f,5246
    pantry-tree:
      sha256: 8e1488e98fe5133dc123d83a71c1b48b5654353e69c3bcdf98008e3e7edfa9ed
      size: 4070
  original:
    hackage: massiv-1.0.4.0
- completed:
    hackage: megaparsec-9.4.1@sha256:200835a92db40df881db55f6f95b25b7d41ecd762c1d7479dcff9dea0f09b782,3219
    pantry-tree:
      sha256: 953b6e9f385273d8b43115a2c7fc21ba9efc512fff55a22a2c55db42dd1559cd
      size: 1591
  original:
    hackage: megaparsec-9.4.1
- completed:
    hackage: mono-traversable-1.0.15.3@sha256:059bf3c05cdbef2d06b765333fe41c2168ced2503a23de674e2a59ceb2548c48,2060
    pantry-tree:
      sha256: 20193844369b5e6e0ed2c0df9946db5bd65a6206e3cc9f7cf059523e27a818b8
      size: 710
  original:
    hackage: mono-traversable-1.0.15.3
- completed:
    hackage: mtl-2.3.1@sha256:5377696d7315e2ef31a8d15d67b22d733c20cac2caf8b26756ff8524c8217e6d,1868
    pantry-tree:
      sha256: ac3cf1dc9ef397512d4bf8f2c3fbe4d64fb8aabd253288b34bf86c09ae234d4f
      size: 1853
  original:
    hackage: mtl-2.3.1
- completed:
    hackage: mutable-containers-0.3.4.1@sha256:9fb65a0d702e00b4c29a80a924b08db28aef77674ffae47486d92504166815e1,2228
    pantry-tree:
      sha256: 419e76b48f6b6615079c9bc72e16a33b2bdae601a3a135b320a44e48869abd70
      size: 944
  original:
    hackage: mutable-containers-0.3.4.1
- completed:
    hackage: mwc-random-0.15.0.2@sha256:109e0fb72ce64bda468fc44d9cb5abbf455d6337140b57eb851a8183baba0597,3372
    pantry-tree:
      sha256: 67732b8c3612c58e5286541213550899dc9495a09ca5283fab4437c489e624b9
      size: 721
  original:
    hackage: mwc-random-0.15.0.2
- completed:
    hackage: parallel-3.2.2.0@sha256:b993406e98fe9126eff4a69d28e7e361037dd1c0892a9fd6c26e1f92eb9c4fa4,1926
    pantry-tree:
      sha256: a4b7712b272e1f5da4b160820fff47ba24ed2732af3b2581f3094ea8422a9b8c
      size: 392
  original:
    hackage: parallel-3.2.2.0
- completed:
    hackage: parsec-3.1.16.1@sha256:5769242043b01bf759b07b7efedcb19607837ee79015fcddde34645664136aed,4691
    pantry-tree:
      sha256: aee875443fc603500dcfcb5bea5c116ebcb990037abcf17e8d7020e493a51476
      size: 2698
  original:
    hackage: parsec-3.1.16.1
- completed:
    hackage: parser-combinators-1.3.0@sha256:8659573e0d443d573f5b53f81b81dafbdc988d282b90c11e3da73562b4ea7876,1640
    pantry-tree:
      sha256: 4e23178c63f624bbe16342a9b3cfb4afdddee393ce0beec9b19cce0a0345a080
      size: 795
  original:
    hackage: parser-combinators-1.3.0
- completed:
    hackage: pretty-1.1.3.6@sha256:e16ffc733e816cfc09e99cc7f2398805f1f4c872d238a6b81668b5527284b382,2482
    pantry-tree:
      sha256: 9f62289797600d7121862309c306a3b495f872dccfe3d5c4bdeaf85d5ad12dd7
      size: 1308
  original:
    hackage: pretty-1.1.3.6
- completed:
    hackage: primitive-0.8.0.0@sha256:d0ff45fa6e61f92af23611ceb8b9a6a04c236b50fb70c60e2ed3bfa532703670,3241
    pantry-tree:
      sha256: 3cd206dde51c1589698d8e4a501887e0d6954900e9082b31ac013f09a58fd84f
      size: 1721
  original:
    hackage: primitive-0.8.0.0
- completed:
    hackage: process-1.6.17.0@sha256:49d8a7f372d35363011591b253cae4c8db8b9ec594590448e20b7bed7acaee98,2845
    pantry-tree:
      sha256: cfcb73c1a6a3f653f02e838e146d36505c1506d8bf57a4bb306d7ca905110a9e
      size: 1545
  original:
    hackage: process-1.6.17.0
- completed:
    hackage: profunctors-5.6.2@sha256:e178ba4468982326656626e2089e296f64485e68fdddc9f4476dcd5d612b4f78,2484
    pantry-tree:
      sha256: 477b4e6a997aa6d470a4355814c3c654641824dad07058ea77b20c2e9a7d7699
      size: 1588
  original:
    hackage: profunctors-5.6.2
- completed:
    hackage: psqueues-0.2.7.3@sha256:7213d78598d397255b1861df318d9b5058577f86a9b83a8b652540cbdbc83033,4834
    pantry-tree:
      sha256: b4ccb2bc60af99ae76d6f978a533698bfb931730972d4b4be0e22fef9cf60c85
      size: 1696
  original:
    hackage: psqueues-0.2.7.3
- completed:
    hackage: random-1.2.1.1@sha256:e7c1f881159d5cc788619c9ee8b8f340ba2ff0db571cdf3d1a1968ebc5108789,6777
    pantry-tree:
      sha256: adc460de1e12074b8fb5634330089e11aeeac02b02716ba15b9f4de6fa1de425
      size: 1528
  original:
    hackage: random-1.2.1.1
- completed:
    hackage: reflection-2.1.7@sha256:f2b5b3f0983a605d16e53af489ebba62967d2c80353473ca66cc1734222b3a04,4518
    pantry-tree:
      sha256: 769dbc938af69aa998db5c22ed7ddadbede3e6e75e4efa56a8587a6ae4886dc8
      size: 1060
  original:
    hackage: reflection-2.1.7
- completed:
    hackage: regex-tdfa-1.3.2.1@sha256:aa6fd77708dbf12c0d57d92619922da8612f552768d68e27fa74090c25ae0580,6890
    pantry-tree:
      sha256: 86168f0126e878d5ba89b38e0ddec83c847e9a7495b5ad25c0848eafcdd82962
      size: 2674
  original:
    hackage: regex-tdfa-1.3.2.1
- completed:
    hackage: safe-exceptions-0.1.7.3@sha256:6e9b1b233af80cc0aa17ea858d2641ba146fb11cbcc5970a52649e89d77282e2,1398
    pantry-tree:
      sha256: 41e57c663a86bd61931f3b9d221c2eca508b394bace069e096c32823e77286a3
      size: 510
  original:
    hackage: safe-exceptions-0.1.7.3
- completed:
    hackage: scientific-0.3.7.0@sha256:909755ab19b453169ff85281323da1488407776b2360bd9f7afdd219fd306ef2,4869
    pantry-tree:
      sha256: 00e74ee83063c8c5cf5c726d9ed079a7f67051f3ddd9e2ecbbe3c6ea06271061
      size: 657
  original:
    hackage: scientific-0.3.7.0
- completed:
    hackage: semialign-1.3@sha256:7be9ef5ca1d6b052991f68c053aab68b9d1ab3b1938c9557ac84c97937815223,2888
    pantry-tree:
      sha256: e5daa7e0023dabb1b21a04bf084364b94e45e81b380e950b90f51294a1990b87
      size: 537
  original:
    hackage: semialign-1.3
- completed:
    hackage: semigroupoids-6.0.0.1@sha256:47a23b451c114e65361e713e8fe36828fca3a84285325e8f444254b2ab0c43c5,7465
    pantry-tree:
      sha256: 1df286a998f4b26f8e6b596a571363197c55e05b0ff882ed2e6e6f315f8207e0
      size: 2404
  original:
    hackage: semigroupoids-6.0.0.1
- completed:
    hackage: split-0.2.3.5@sha256:f472fa7019647cacac3267742a6f7ac0a5c816f9890e80e4b826cd937436de87,2646
    pantry-tree:
      sha256: 516449cf535bbfc78cf1a5795d28dd1e0f19b65a07c33a78b45566101fecc534
      size: 439
  original:
    hackage: split-0.2.3.5
- completed:
    hackage: stm-2.5.1.0@sha256:7906fe34eac27c6a81a5980c2ec45eab7876494961820dfd3aa770e0d02a0373,2395
    pantry-tree:
      sha256: e4cc09c1ba6a2b9583ff79ad67e422d91e0edd30ce5250b009412dc175a8639a
      size: 1392
  original:
    hackage: stm-2.5.1.0
- completed:
    hackage: strict-0.5@sha256:bd57d7b3655951dfaa7d1e1374d7352dfe83f82a9c98309bf3a6587ef8cbd87d,4120
    pantry-tree:
      sha256: 87b874af151a91e5d723734d6e6b98d99c0b60d4835f1ff2d39d862b3fbf04c4
      size: 654
  original:
    hackage: strict-0.5
- completed:
    hackage: strict-lens-0.4.0.3@sha256:be922ac20e5e7aa92b409d5bf3a092cd1b505389b18072a041f1e8f260516d37,1294
    pantry-tree:
      sha256: 5db82e5068c58dfd48da9e420120e9b4ab8e5876964ed5ec7a4e6aa083c04c38
      size: 270
  original:
    hackage: strict-lens-0.4.0.3
- completed:
    hackage: tagged-0.8.7@sha256:9013e1491dc0d291cb37c2845973293a03c230374f44792bfc96e14fdfb426dc,2880
    pantry-tree:
      sha256: a5b3d421c0bfd9f764e31639f4c844b5737810be2b683923142096fc5ab60efe
      size: 496
  original:
    hackage: tagged-0.8.7
- completed:
    hackage: template-haskell-2.19.0.0@sha256:3e06c10b5813e88503196093e094140c6871ae3703a12a70024da755820b4d1a,2723
    pantry-tree:
      sha256: 8db1fa532b48dc0676818b627027b43edfa661716227d34042bf83fc146b77fc
      size: 1169
  original:
    hackage: template-haskell-2.19.0.0
- completed:
    hackage: text-2.0.2@sha256:71b5fa8c64d3c1fd0a08f993463220867b08290a2256e94b0952bf0e8f5a45cc,9905
    pantry-tree:
      sha256: 25f3b6dd211e30f9e0ef5047bb9f30df7a9296cf1043873e31558196dfe78676
      size: 7514
  original:
    hackage: text-2.0.2
- completed:
    hackage: tf-random-0.5@sha256:14012837d0f0e18fdbbe3d56e67da8622ee5e20b180abce952dd50bd9f36b326,3983
    pantry-tree:
      sha256: d6483580cfea846cbf23ff1d7a67849546d5096425b6d61318a34554043b4ffb
      size: 941
  original:
    hackage: tf-random-0.5
- completed:
    hackage: these-1.2@sha256:011e22f6891ca028f87c04ea48796696c92d593313a9c699f7ff4f9ffd7aec6e,2882
    pantry-tree:
      sha256: 37483703ce7326c07608b06f2f741fb0f708cb06bd10ec57d87108d068046b05
      size: 351
  original:
    hackage: these-1.2
- completed:
    hackage: these-lens-1.0.1.3@sha256:4faed43f062c1cb1f98b0d488a95f13bd6a1175db3b554a1cfd6bfb39052903d,1203
    pantry-tree:
      sha256: b4638e62bed666ed84b97caf32cb5c11ac6d8e0166282680b62933c7bf28b1ec
      size: 223
  original:
    hackage: these-lens-1.0.1.3
- completed:
    hackage: time-1.12.2@sha256:88e8493d9130038d3b9968a2530a0900141cd3d938483c83dde56e12b875ebc8,6510
    pantry-tree:
      sha256: de0ab314661da3788b5dad20254e44929b1659b00d32b5a0cd54922a05e006e8
      size: 7264
  original:
    hackage: time-1.12.2
- completed:
    hackage: transformers-0.6.1.0@sha256:7e7feea5fc9071375a973a48290fee6664e3eba38eb7028ce04850911f1ad0d4,3146
    pantry-tree:
      sha256: d3c0d29caf4101796285ba7853052dc370f204e7271738296ee68b114ae917ef
      size: 2376
  original:
    hackage: transformers-0.6.1.0
- completed:
    hackage: trifecta-2.1.2@sha256:20fd6ae1f467812ec27045d1693555f494269c12a718ed4bfd0349fdb300ac00,3567
    pantry-tree:
      sha256: 71c1e7ab1df312dff4a6ac602d1b51ce9b6ccec8ff9a091abc1f6d4fb1f849c0
      size: 1741
  original:
    hackage: trifecta-2.1.2
- completed:
    hackage: unboxing-vector-0.2.0.0@sha256:a8f8ddab08d16cd4051fb1febb06aaaa54d211b50001664c06282cfdcb97bab0,3768
    pantry-tree:
      sha256: e0dbf018cae082041160d633263a6e33ffd861fe6813675f3cb0f08b96ad458e
      size: 1349
  original:
    hackage: unboxing-vector-0.2.0.0
- completed:
    hackage: unix-2.7.3@sha256:20079c504d0ca33fbf11de3a215d25220c8d43499a93049a8f2791323f3bd57b,6047
    pantry-tree:
      sha256: a7b72595b7b7c56c23faef6a6bb27bc18b040c675c457117623d413a9e7444b8
      size: 4485
  original:
    hackage: unix-2.7.3
- completed:
    hackage: unordered-containers-0.2.19.1@sha256:1c28ca429e3960de0330908579a427ccacddd700cb84ec1969e2bbe576152add,3698
    pantry-tree:
      sha256: e26f35bfab576bd80e7229e3ed9b8b5e7d83c16cf1a679b9608e4862e9acc141
      size: 1517
  original:
    hackage: unordered-containers-0.2.19.1
- completed:
    hackage: utility-ht-0.0.17@sha256:ae4c27f4c997ab8ce7ac367c6663ba03b5554e1d2c9abc0e620095970db02386,3153
    pantry-tree:
      sha256: b0de1188e78972133084168e3916307ca1d3062f7115882511f71aa77edac753
      size: 3198
  original:
    hackage: utility-ht-0.0.17
- completed:
    hackage: vector-0.13.0.0@sha256:1d0b2128c7151e06c2417616afedcb1a4d54087afeba623c55dd4b29094d4348,9112
    pantry-tree:
      sha256: b8dab0614174a522630bb1ef60416db8d28c36073a8a911791e8e7b921c98fae
      size: 4092
  original:
    hackage: vector-0.13.0.0
- completed:
    hackage: vector-algorithms-0.9.0.1@sha256:222b01a4c0b9e13d73d04fba7c65930df16d1647acc07d84c47ef0356fa33dba,3880
    pantry-tree:
      sha256: f2442ae23235b332dcd8b593bb20bfae02890ec891330c060ac4a410a5f1d64d
      size: 1510
  original:
    hackage: vector-algorithms-0.9.0.1
- completed:
    hackage: vector-stream-0.1.0.0@sha256:8977959d4bec54d9f2c5e9d4baa2cac7ab26e804a72591df8db887e0692ae8ae,1404
    pantry-tree:
      sha256: 7c7639aca99f827d1abdae925b207d1331eaacecdb3185d7f38bec132191a348
      size: 325
  original:
    hackage: vector-stream-0.1.0.0
- completed:
    hackage: vector-th-unbox-0.2.2@sha256:0ba46c42a63750cb815ce6921426c28a2ef2372e19b82af866e21c65a4d682d7,1566
    pantry-tree:
      sha256: 620a21e9e5723d8906025864eeed8a857873aea6bf6637a9b7e34a351e413855
      size: 385
  original:
    hackage: vector-th-unbox-0.2.2
- completed:
    hackage: xhtml-3000.2.2.1@sha256:4d9e149310cbbc1c337684fef4e1287281905b2dd39d0cc736736ed416a4f87b,2911
    pantry-tree:
      sha256: bc4566bba7f87a859891898b241f434690d1eb8be2c41f4bac5313796b55754e
      size: 1197
  original:
    hackage: xhtml-3000.2.2.1
snapshots: []
